
Microsoft Visual Studio Solution File, Format Version 12.00
# Visual Studio 2013
VisualStudioVersion = 12.0.31101.0
MinimumVisualStudioVersion = 10.0.40219.1
Project("{FAE04EC0-301F-11D3-BF4B-00C04F79EFBC}") = "Checkpoint4Service", "Checkpoint4Service\Checkpoint4Service.csproj", "{1304771F-4AF5-4E2A-AF14-4AFE49583B26}"
EndProject
Project("{FAE04EC0-301F-11D3-BF4B-00C04F79EFBC}") = "DALClassLibrary", "DALClassLibrary\DALClassLibrary.csproj", "{B53B5E30-23D7-4FC5-AFA8-B3319CCA8E8A}"
EndProject
Project("{FAE04EC0-301F-11D3-BF4B-00C04F79EFBC}") = "EntitiesClassLibrary", "EntitiesClassLibrary\EntitiesClassLibrary.csproj", "{31C82F89-ACEA-4920-B882-C3A19C66246F}"
EndProject
Project("{FAE04EC0-301F-11D3-BF4B-00C04F79EFBC}") = "BLClassLibrary", "BLClassLibrary\BLClassLibrary.csproj", "{C21AE573-A924-44CC-8AD2-D391E639E50D}"
EndProject
Global
	GlobalSection(SolutionConfigurationPlatforms) = preSolution
		Debug|Any CPU = Debug|Any CPU
		Release|Any CPU = Release|Any CPU
	EndGlobalSection
	GlobalSection(ProjectConfigurationPlatforms) = postSolution
		{1304771F-4AF5-4E2A-AF14-4AFE49583B26}.Debug|Any CPU.ActiveCfg = Debug|Any CPU
		{1304771F-4AF5-4E2A-AF14-4AFE49583B26}.Debug|Any CPU.Build.0 = Debug|Any CPU
		{1304771F-4AF5-4E2A-AF14-4AFE49583B26}.Release|Any CPU.ActiveCfg = Release|Any CPU
		{1304771F-4AF5-4E2A-AF14-4AFE49583B26}.Release|Any CPU.Build.0 = Release|Any CPU
		{B53B5E30-23D7-4FC5-AFA8-B3319CCA8E8A}.Debug|Any CPU.ActiveCfg = Debug|Any CPU
		{B53B5E30-23D7-4FC5-AFA8-B3319CCA8E8A}.Debug|Any CPU.Build.0 = Debug|Any CPU
		{B53B5E30-23D7-4FC5-AFA8-B3319CCA8E8A}.Release|Any CPU.ActiveCfg = Release|Any CPU
		{B53B5E30-23D7-4FC5-AFA8-B3319CCA8E8A}.Release|Any CPU.Build.0 = Release|Any CPU
		{31C82F89-ACEA-4920-B882-C3A19C66246F}.Debug|Any CPU.ActiveCfg = Debug|Any CPU
		{31C82F89-ACEA-4920-B882-C3A19C66246F}.Debug|Any CPU.Build.0 = Debug|Any CPU
		{31C82F89-ACEA-4920-B882-C3A19C66246F}.Release|Any CPU.ActiveCfg = Release|Any CPU
		{31C82F89-ACEA-4920-B882-C3A19C66246F}.Release|Any CPU.Build.0 = Release|Any CPU
		{C21AE573-A924-44CC-8AD2-D391E639E50D}.Debug|Any CPU.ActiveCfg = Debug|Any CPU
		{C21AE573-A924-44CC-8AD2-D391E639E50D}.Debug|Any CPU.Build.0 = Debug|Any CPU
		{C21AE573-A924-44CC-8AD2-D391E639E50D}.Release|Any CPU.ActiveCfg = Release|Any CPU
		{C21AE573-A924-44CC-8AD2-D391E639E50D}.Release|Any CPU.Build.0 = Release|Any CPU
	EndGlobalSection
	GlobalSection(SolutionProperties) = preSolution
		HideSolutionNode = FALSE
	EndGlobalSection
EndGlobal
