
Microsoft Visual Studio Solution File, Format Version 12.00
# Visual Studio 2013
VisualStudioVersion = 12.0.31101.0
MinimumVisualStudioVersion = 10.0.40219.1
Project("{FAE04EC0-301F-11D3-BF4B-00C04F79EFBC}") = "SalesMVC", "SalesMVC\SalesMVC.csproj", "{0E265D7D-2C74-475D-B8E0-ECE46100192F}"
EndProject
Project("{FAE04EC0-301F-11D3-BF4B-00C04F79EFBC}") = "EntityModel", "EntityModel\EntityModel.csproj", "{979DF80C-6CD6-4E83-BFCB-5F2A5D8FD7A4}"
EndProject
Project("{FAE04EC0-301F-11D3-BF4B-00C04F79EFBC}") = "DataAccessLayer", "DataAccessLayer\DataAccessLayer.csproj", "{502F282E-0D86-4CBF-9D54-E04D6DAEA8C1}"
EndProject
Project("{FAE04EC0-301F-11D3-BF4B-00C04F79EFBC}") = "SiteUsers", "SiteUsers\SiteUsers.csproj", "{273E104C-62FA-4874-BE9A-8707131E5926}"
EndProject
Global
	GlobalSection(SolutionConfigurationPlatforms) = preSolution
		Debug|Any CPU = Debug|Any CPU
		Release|Any CPU = Release|Any CPU
	EndGlobalSection
	GlobalSection(ProjectConfigurationPlatforms) = postSolution
		{0E265D7D-2C74-475D-B8E0-ECE46100192F}.Debug|Any CPU.ActiveCfg = Debug|Any CPU
		{0E265D7D-2C74-475D-B8E0-ECE46100192F}.Debug|Any CPU.Build.0 = Debug|Any CPU
		{0E265D7D-2C74-475D-B8E0-ECE46100192F}.Release|Any CPU.ActiveCfg = Release|Any CPU
		{0E265D7D-2C74-475D-B8E0-ECE46100192F}.Release|Any CPU.Build.0 = Release|Any CPU
		{979DF80C-6CD6-4E83-BFCB-5F2A5D8FD7A4}.Debug|Any CPU.ActiveCfg = Debug|Any CPU
		{979DF80C-6CD6-4E83-BFCB-5F2A5D8FD7A4}.Debug|Any CPU.Build.0 = Debug|Any CPU
		{979DF80C-6CD6-4E83-BFCB-5F2A5D8FD7A4}.Release|Any CPU.ActiveCfg = Release|Any CPU
		{979DF80C-6CD6-4E83-BFCB-5F2A5D8FD7A4}.Release|Any CPU.Build.0 = Release|Any CPU
		{502F282E-0D86-4CBF-9D54-E04D6DAEA8C1}.Debug|Any CPU.ActiveCfg = Debug|Any CPU
		{502F282E-0D86-4CBF-9D54-E04D6DAEA8C1}.Debug|Any CPU.Build.0 = Debug|Any CPU
		{502F282E-0D86-4CBF-9D54-E04D6DAEA8C1}.Release|Any CPU.ActiveCfg = Release|Any CPU
		{502F282E-0D86-4CBF-9D54-E04D6DAEA8C1}.Release|Any CPU.Build.0 = Release|Any CPU
		{273E104C-62FA-4874-BE9A-8707131E5926}.Debug|Any CPU.ActiveCfg = Debug|Any CPU
		{273E104C-62FA-4874-BE9A-8707131E5926}.Debug|Any CPU.Build.0 = Debug|Any CPU
		{273E104C-62FA-4874-BE9A-8707131E5926}.Release|Any CPU.ActiveCfg = Release|Any CPU
		{273E104C-62FA-4874-BE9A-8707131E5926}.Release|Any CPU.Build.0 = Release|Any CPU
	EndGlobalSection
	GlobalSection(SolutionProperties) = preSolution
		HideSolutionNode = FALSE
	EndGlobalSection
EndGlobal
